{
  "requires": true,
  "lockfileVersion": 1,
  "dependencies": {
    "@types/web-bluetooth": {
      "version": "0.0.2",
      "resolved": "https://registry.npmjs.org/@types/web-bluetooth/-/web-bluetooth-0.0.2.tgz",
      "integrity": "sha1-XPCBwyAyNUNxLEnEntUgv2XurRo="
    },
    "jquery": {
      "version": "3.4.1",
      "resolved": "https://registry.npmjs.org/jquery/-/jquery-3.4.1.tgz",
      "integrity": "sha512-36+AdBzCL+y6qjw5Tx7HgzeGCzC81MDDgaUP8ld2zhx58HdqXGoBd+tHdrBMiyjGQs0Hxs/MLZTu/eHNJJuWPw=="
    },
    "muse-js": {
      "version": "3.1.0",
      "resolved": "https://registry.npmjs.org/muse-js/-/muse-js-3.1.0.tgz",
      "integrity": "sha512-uH/yAfQIL0rOvgtbxFPb5C07X+M4vAD/2vDkVbi+NKocT2ADbbg2igHjiNvdN6dRhom9VfZ2S6HG2dvjnXa2jQ==",
      "requires": {
        "@types/web-bluetooth": "^0.0.2",
        "rxjs": "^6.0.0 || ^5.6.0-forward-compat.4"
      }
    },
    "popper.js": {
      "version": "1.16.0",
      "resolved": "https://registry.npmjs.org/popper.js/-/popper.js-1.16.0.tgz",
      "integrity": "sha512-+G+EkOPoE5S/zChTpmBSSDYmhXJ5PsW8eMhH8cP/CQHMFPBG/kC9Y5IIw6qNYgdJ+/COf0ddY2li28iHaZRSjw=="
    },
    "rxjs": {
      "version": "6.5.3",
      "resolved": "https://registry.npmjs.org/rxjs/-/rxjs-6.5.3.tgz",
      "integrity": "sha512-wuYsAYYFdWTAnAaPoKGNhfpWwKZbJW+HgAJ+mImp+Epl7BG8oNWBCTyRM8gba9k4lk8BgWdoYm21Mo/RYhhbgA==",
      "requires": {
        "tslib": "^1.9.0"
      }
    },
    "tslib": {
      "version": "1.10.0",
      "resolved": "https://registry.npmjs.org/tslib/-/tslib-1.10.0.tgz",
      "integrity": "sha512-qOebF53frne81cf0S9B41ByenJ3/IuH8yJKngAX35CmiZySA0khhkovshKK+jGCaMnVomla7gVlIcc3EvKPbTQ=="
    }
  }
}
